
Microsoft Visual Studio Solution File, Format Version 12.00
# Visual Studio Version 17
VisualStudioVersion = 17.3.32929.385
MinimumVisualStudioVersion = 10.0.40219.1
Project("{FAE04EC0-301F-11D3-BF4B-00C04F79EFBC}") = "Epplus_180348", "Epplus_180348.csproj", "{BB701074-9C93-4C04-81F7-5D904F0FFFBC}"
EndProject
Global
	GlobalSection(SolutionConfigurationPlatforms) = preSolution
		Debug|Any CPU = Debug|Any CPU
		Release|Any CPU = Release|Any CPU
	EndGlobalSection
	GlobalSection(ProjectConfigurationPlatforms) = postSolution
		{BB701074-9C93-4C04-81F7-5D904F0FFFBC}.Debug|Any CPU.ActiveCfg = Debug|Any CPU
		{BB701074-9C93-4C04-81F7-5D904F0FFFBC}.Debug|Any CPU.Build.0 = Debug|Any CPU
		{BB701074-9C93-4C04-81F7-5D904F0FFFBC}.Release|Any CPU.ActiveCfg = Release|Any CPU
		{BB701074-9C93-4C04-81F7-5D904F0FFFBC}.Release|Any CPU.Build.0 = Release|Any CPU
	EndGlobalSection
	GlobalSection(SolutionProperties) = preSolution
		HideSolutionNode = FALSE
	EndGlobalSection
	GlobalSection(ExtensibilityGlobals) = postSolution
		SolutionGuid = {96F82C38-34B5-457F-8DA9-F59726770F3C}
	EndGlobalSection
EndGlobal
